
Microsoft Visual Studio Solution File, Format Version 12.00
# Visual Studio Version 17
VisualStudioVersion = 17.3.32901.215
MinimumVisualStudioVersion = 10.0.40219.1
Project("{FAE04EC0-301F-11D3-BF4B-00C04F79EFBC}") = "Infobip_testProject", "Infobip_testProject\Infobip_testProject.csproj", "{5F3E887E-03AE-4E18-BDCE-E000EBA22CCD}"
EndProject
Project("{FAE04EC0-301F-11D3-BF4B-00C04F79EFBC}") = "Json_parser", "Json_parser\Json_parser.csproj", "{9837C907-0E33-43B5-8543-AD0A0B8B66EB}"
EndProject
Project("{FAE04EC0-301F-11D3-BF4B-00C04F79EFBC}") = "UnpackingJSON", "UnpackingJSON\UnpackingJSON.csproj", "{1B575EB2-BDD1-4F61-9013-108089782847}"
EndProject
Global
	GlobalSection(SolutionConfigurationPlatforms) = preSolution
		Debug|Any CPU = Debug|Any CPU
		Release|Any CPU = Release|Any CPU
	EndGlobalSection
	GlobalSection(ProjectConfigurationPlatforms) = postSolution
		{5F3E887E-03AE-4E18-BDCE-E000EBA22CCD}.Debug|Any CPU.ActiveCfg = Debug|Any CPU
		{5F3E887E-03AE-4E18-BDCE-E000EBA22CCD}.Debug|Any CPU.Build.0 = Debug|Any CPU
		{5F3E887E-03AE-4E18-BDCE-E000EBA22CCD}.Release|Any CPU.ActiveCfg = Release|Any CPU
		{5F3E887E-03AE-4E18-BDCE-E000EBA22CCD}.Release|Any CPU.Build.0 = Release|Any CPU
		{9837C907-0E33-43B5-8543-AD0A0B8B66EB}.Debug|Any CPU.ActiveCfg = Debug|Any CPU
		{9837C907-0E33-43B5-8543-AD0A0B8B66EB}.Debug|Any CPU.Build.0 = Debug|Any CPU
		{9837C907-0E33-43B5-8543-AD0A0B8B66EB}.Release|Any CPU.ActiveCfg = Release|Any CPU
		{9837C907-0E33-43B5-8543-AD0A0B8B66EB}.Release|Any CPU.Build.0 = Release|Any CPU
		{1B575EB2-BDD1-4F61-9013-108089782847}.Debug|Any CPU.ActiveCfg = Debug|Any CPU
		{1B575EB2-BDD1-4F61-9013-108089782847}.Debug|Any CPU.Build.0 = Debug|Any CPU
		{1B575EB2-BDD1-4F61-9013-108089782847}.Release|Any CPU.ActiveCfg = Release|Any CPU
		{1B575EB2-BDD1-4F61-9013-108089782847}.Release|Any CPU.Build.0 = Release|Any CPU
	EndGlobalSection
	GlobalSection(SolutionProperties) = preSolution
		HideSolutionNode = FALSE
	EndGlobalSection
	GlobalSection(ExtensibilityGlobals) = postSolution
		SolutionGuid = {649E762D-C482-463C-82F4-AC6740A0F7C6}
	EndGlobalSection
EndGlobal
